
Microsoft Visual Studio Solution File, Format Version 12.00
# Visual Studio Version 16
VisualStudioVersion = 16.0.30011.22
MinimumVisualStudioVersion = 10.0.40219.1
Project("{FAE04EC0-301F-11D3-BF4B-00C04F79EFBC}") = "OOP_lab_3_12_3", "OOP_lab_3_12_3\OOP_lab_3_12_3.csproj", "{5E1F9768-F3F1-434B-A327-6063E4E759F3}"
EndProject
Project("{2150E333-8FDC-42A3-9474-1A3956D46DE8}") = "Solution Items", "Solution Items", "{79809EF3-F79C-415A-8DD8-47359E8F7003}"
	ProjectSection(SolutionItems) = preProject
		.travis.yml = .travis.yml
	EndProjectSection
EndProject
Global
	GlobalSection(SolutionConfigurationPlatforms) = preSolution
		Debug|Any CPU = Debug|Any CPU
		Release|Any CPU = Release|Any CPU
	EndGlobalSection
	GlobalSection(ProjectConfigurationPlatforms) = postSolution
		{5E1F9768-F3F1-434B-A327-6063E4E759F3}.Debug|Any CPU.ActiveCfg = Debug|Any CPU
		{5E1F9768-F3F1-434B-A327-6063E4E759F3}.Debug|Any CPU.Build.0 = Debug|Any CPU
		{5E1F9768-F3F1-434B-A327-6063E4E759F3}.Release|Any CPU.ActiveCfg = Release|Any CPU
		{5E1F9768-F3F1-434B-A327-6063E4E759F3}.Release|Any CPU.Build.0 = Release|Any CPU
	EndGlobalSection
	GlobalSection(SolutionProperties) = preSolution
		HideSolutionNode = FALSE
	EndGlobalSection
	GlobalSection(ExtensibilityGlobals) = postSolution
		SolutionGuid = {DB9D848D-526D-4630-816C-5AEB55F99415}
	EndGlobalSection
EndGlobal
